
Microsoft Visual Studio Solution File, Format Version 12.00
# Visual Studio Version 16
VisualStudioVersion = 16.0.30011.22
MinimumVisualStudioVersion = 10.0.40219.1
Project("{FAE04EC0-301F-11D3-BF4B-00C04F79EFBC}") = "TheWorldLevel", "TheWorldLevel\TheWorldLevel.csproj", "{F6C32BF0-C4AA-407E-8CDB-FDF5252EF045}"
EndProject
Global
	GlobalSection(SolutionConfigurationPlatforms) = preSolution
		Debug|Any CPU = Debug|Any CPU
		Release|Any CPU = Release|Any CPU
	EndGlobalSection
	GlobalSection(ProjectConfigurationPlatforms) = postSolution
		{F6C32BF0-C4AA-407E-8CDB-FDF5252EF045}.Debug|Any CPU.ActiveCfg = Debug|Any CPU
		{F6C32BF0-C4AA-407E-8CDB-FDF5252EF045}.Debug|Any CPU.Build.0 = Debug|Any CPU
		{F6C32BF0-C4AA-407E-8CDB-FDF5252EF045}.Release|Any CPU.ActiveCfg = Release|Any CPU
		{F6C32BF0-C4AA-407E-8CDB-FDF5252EF045}.Release|Any CPU.Build.0 = Release|Any CPU
	EndGlobalSection
	GlobalSection(SolutionProperties) = preSolution
		HideSolutionNode = FALSE
	EndGlobalSection
	GlobalSection(ExtensibilityGlobals) = postSolution
		SolutionGuid = {7731052F-31CE-4FF6-B601-5344B91CE523}
	EndGlobalSection
EndGlobal
